# THIS IS AN AUTOGENERATED FILE. DO NOT EDIT THIS FILE DIRECTLY.
# yarn lockfile v1


bootstrap@^4.0.0:
  version "4.0.0"
  resolved "https://registry.yarnpkg.com/bootstrap/-/bootstrap-4.0.0.tgz#ceb03842c145fcc1b9b4e15da2a05656ba68469a"

escape-html@~1.0.1:
  version "1.0.3"
  resolved "https://registry.yarnpkg.com/escape-html/-/escape-html-1.0.3.tgz#0258eae4d3d0c0974de1c169188ef0051d1d1988"

holder@^0.0.0:
  version "0.0.0"
  resolved "https://registry.yarnpkg.com/holder/-/holder-0.0.0.tgz#f298900554a57f458e1088377a6fdd899c92f646"

holderjs@^2.9.4:
  version "2.9.4"
  resolved "https://registry.yarnpkg.com/holderjs/-/holderjs-2.9.4.tgz#a165dbc2532ebff975491312259d0c520c059898"
  dependencies:
    shaven "^0.8.1"

jquery-slim@^3.0.0:
  version "3.0.0"
  resolved "https://registry.yarnpkg.com/jquery-slim/-/jquery-slim-3.0.0.tgz#87ab2fa10501798e93124a4b5eb953c85379707e"

popper.js@^1.14.3:
  version "1.14.3"
  resolved "https://registry.yarnpkg.com/popper.js/-/popper.js-1.14.3.tgz#1438f98d046acf7b4d78cd502bf418ac64d4f095"

shaven@^0.8.1:
  version "0.8.1"
  resolved "https://registry.yarnpkg.com/shaven/-/shaven-0.8.1.tgz#0f42d4fb32c4048349ff9ee9c296f5effb2dcaaf"
  dependencies:
    escape-html "~1.0.1"
